// !$*UTF8*$!
{
	archiveVersion = 1;
	classes = {
	};
	objectVersion = 54;
	objects = {

/* Begin PBXBuildFile section */
		6697C8D22F42B000006E4917 /* GoogleMobileAds in Frameworks */ = {isa = PBXBuildFile; productRef = 6697C8D12F42B000006E4917 /* GoogleMobileAds */; };
		6653E8962C8D0AA60007E24A /* LaunchScreen.storyboard in Resources */ = {isa = PBXBuildFile; fileRef = 6653E8952C8D0AA60007E24A /* LaunchScreen.storyboard */; };
		6653E8982C8D0C430007E24A /* building4.png in Resources */ = {isa = PBXBuildFile; fileRef = 6653E8972C8D0C430007E24A /* building4.png */; };
		6666DEE32C8F46B900D21424 /* a_geometric_shaped__building_visualized_by_point_cloud__Remove_background_bird_eye_view__background__5f0285 (1).mp4 in Resources */ = {isa = PBXBuildFile; fileRef = 6666DEE22C8F46B900D21424 /* a_geometric_shaped__building_visualized_by_point_cloud__Remove_background_bird_eye_view__background__5f0285 (1).mp4 */; };
		66689B492C8C702200DB20E9 /* UserModel.swift in Sources */ = {isa = PBXBuildFile; fileRef = 66689B482C8C702200DB20E9 /* UserModel.swift */; };
		66689B4C2C8C70BD00DB20E9 /* LoginViewController.swift in Sources */ = {isa = PBXBuildFile; fileRef = 66689B4B2C8C70A700DB20E9 /* LoginViewController.swift */; };
		66689B4E2C8C70E900DB20E9 /* AuthManager.swift in Sources */ = {isa = PBXBuildFile; fileRef = 66689B4D2C8C70E500DB20E9 /* AuthManager.swift */; };
		666BA4A92EAD4CD6001372FE /* logo.png in Resources */ = {isa = PBXBuildFile; fileRef = 666BA4A82EAD4CD6001372FE /* logo.png */; };
		6697C8CA2F42A86B006E4917 /* StoreKit.framework in Frameworks */ = {isa = PBXBuildFile; fileRef = 6697C8C92F42A86B006E4917 /* StoreKit.framework */; };
		669A6F0C2C7F35B100F8BDAC /* MatrixMath.swift in Sources */ = {isa = PBXBuildFile; fileRef = 669A6F0B2C7F35A700F8BDAC /* MatrixMath.swift */; };
		669A6F0E2C7F47F100F8BDAC /* PointCloud.swift in Sources */ = {isa = PBXBuildFile; fileRef = 669A6F0D2C7F47F100F8BDAC /* PointCloud.swift */; };
		66B1C0172C22B9E5003CDAD8 /* Assets.xcassets in Resources */ = {isa = PBXBuildFile; fileRef = 66B1C0162C22B9E5003CDAD8 /* Assets.xcassets */; };
		66E374522C7DD6D4002BBE77 /* ProjectListView.swift in Sources */ = {isa = PBXBuildFile; fileRef = 66E374512C7DD6CE002BBE77 /* ProjectListView.swift */; };
		66E374562C7DD704002BBE77 /* ProjectDetailVC.swift in Sources */ = {isa = PBXBuildFile; fileRef = 66E374552C7DD700002BBE77 /* ProjectDetailVC.swift */; };
		66E374582C7DD711002BBE77 /* ProjectDetailView.swift in Sources */ = {isa = PBXBuildFile; fileRef = 66E374572C7DD70D002BBE77 /* ProjectDetailView.swift */; };
		66E3745D2C7E1F85002BBE77 /* ActivityViewController.swift in Sources */ = {isa = PBXBuildFile; fileRef = 66E3745C2C7E1F85002BBE77 /* ActivityViewController.swift */; };
		66E374612C7EE053002BBE77 /* ViewController.swift in Sources */ = {isa = PBXBuildFile; fileRef = 66E374602C7EE053002BBE77 /* ViewController.swift */; };
		66E374672C7F31F3002BBE77 /* Shaders.metal in Sources */ = {isa = PBXBuildFile; fileRef = 66E374662C7F31F3002BBE77 /* Shaders.metal */; };
		66E374692C7F3222002BBE77 /* Vertex.swift in Sources */ = {isa = PBXBuildFile; fileRef = 66E374682C7F3222002BBE77 /* Vertex.swift */; };
		870959442A24573700021125 /* LidarStorage.swift in Sources */ = {isa = PBXBuildFile; fileRef = 870959432A24573700021125 /* LidarStorage.swift */; };
		871356C62A0AA5C50005DE8C /* Double+Extension.swift in Sources */ = {isa = PBXBuildFile; fileRef = 871356C52A0AA5C50005DE8C /* Double+Extension.swift */; };
		87295C942A0386B30067392D /* ScansButton.swift in Sources */ = {isa = PBXBuildFile; fileRef = 87295C932A0386B30067392D /* ScansButton.swift */; };
		87295C962A038BAD0067392D /* SceneDelegate.swift in Sources */ = {isa = PBXBuildFile; fileRef = 87295C952A038BAD0067392D /* SceneDelegate.swift */; };
		87295C992A038DD50067392D /* ScansVC.swift in Sources */ = {isa = PBXBuildFile; fileRef = 87295C982A038DD50067392D /* ScansVC.swift */; };
		87295C9C2A03AA550067392D /* ReloadButton.swift in Sources */ = {isa = PBXBuildFile; fileRef = 87295C9B2A03AA550067392D /* ReloadButton.swift */; };
		87295C9E2A03ACF40067392D /* ScansVM.swift in Sources */ = {isa = PBXBuildFile; fileRef = 87295C9D2A03ACF40067392D /* ScansVM.swift */; };
		8749E16A29EEE2940093F7A7 /* PointCloudCountView.swift in Sources */ = {isa = PBXBuildFile; fileRef = 8749E16929EEE2940093F7A7 /* PointCloudCountView.swift */; };
		877F534B29F69D1600A0F931 /* UIView+Extension.swift in Sources */ = {isa = PBXBuildFile; fileRef = 877F534A29F69D1600A0F931 /* UIView+Extension.swift */; };
		877F534D29F7C46600A0F931 /* Collection+Extension.swift in Sources */ = {isa = PBXBuildFile; fileRef = 877F534C29F7C46600A0F931 /* Collection+Extension.swift */; };
		8793524F29B9D8F200D6A079 /* Utils.swift in Sources */ = {isa = PBXBuildFile; fileRef = 8793524E29B9D8F200D6A079 /* Utils.swift */; };
		87ABC86729D1946400881FFB /* UIViewController+Extension.swift in Sources */ = {isa = PBXBuildFile; fileRef = 87ABC86629D1946400881FFB /* UIViewController+Extension.swift */; };
		87ABC86C29D290E900881FFB /* RecordingButton.swift in Sources */ = {isa = PBXBuildFile; fileRef = 87ABC86B29D290E900881FFB /* RecordingButton.swift */; };
		87ABC86E29D3041100881FFB /* StatusIndicatorLabel.swift in Sources */ = {isa = PBXBuildFile; fileRef = 87ABC86D29D3041100881FFB /* StatusIndicatorLabel.swift */; };
		87D842AE2A611CF600032711 /* ScanStorage.swift in Sources */ = {isa = PBXBuildFile; fileRef = 87D842AD2A611CF600032711 /* ScanStorage.swift */; };
		87D842B02A611F0000032711 /* ScanData.swift in Sources */ = {isa = PBXBuildFile; fileRef = 87D842AF2A611F0000032711 /* ScanData.swift */; };
		87D842B22A611F9B00032711 /* Date+Extension.swift in Sources */ = {isa = PBXBuildFile; fileRef = 87D842B12A611F9B00032711 /* Date+Extension.swift */; };
		87D842B42A6120BD00032711 /* Data+Extension.swift in Sources */ = {isa = PBXBuildFile; fileRef = 87D842B32A6120BD00032711 /* Data+Extension.swift */; };
		87D842B62A61353000032711 /* ScanInfo.swift in Sources */ = {isa = PBXBuildFile; fileRef = 87D842B52A61353000032711 /* ScanInfo.swift */; };
		87E9B5222A08A9D200FF4A8D /* LidarProcessStatusLabel.swift in Sources */ = {isa = PBXBuildFile; fileRef = 87E9B5212A08A9D200FF4A8D /* LidarProcessStatusLabel.swift */; };
		87F6F0992A613F8900CE6679 /* ScanStorageVC.swift in Sources */ = {isa = PBXBuildFile; fileRef = 87F6F0982A613F8900CE6679 /* ScanStorageVC.swift */; };
		87F6F09D2A61793600CE6679 /* ScanInfoRow.swift in Sources */ = {isa = PBXBuildFile; fileRef = 87F6F09C2A61793600CE6679 /* ScanInfoRow.swift */; };
		87F6F09F2A617C8500CE6679 /* Int+Extension.swift in Sources */ = {isa = PBXBuildFile; fileRef = 87F6F09E2A617C8500CE6679 /* Int+Extension.swift */; };
		87F6F0A12A61812F00CE6679 /* ScanInfoRowEventListener.swift in Sources */ = {isa = PBXBuildFile; fileRef = 87F6F0A02A61812F00CE6679 /* ScanInfoRowEventListener.swift */; };
		87FA5D732A35C4D800E04B4D /* DownloadStorage.swift in Sources */ = {isa = PBXBuildFile; fileRef = 87FA5D722A35C4D800E04B4D /* DownloadStorage.swift */; };
		87FDBC1B29EE270A00D90D02 /* MainVM.swift in Sources */ = {isa = PBXBuildFile; fileRef = 87FDBC1A29EE270A00D90D02 /* MainVM.swift */; };
		87FDBC1E29EEA53C00D90D02 /* LiDARData.swift in Sources */ = {isa = PBXBuildFile; fileRef = 87FDBC1D29EEA53C00D90D02 /* LiDARData.swift */; };
		ADDMARKERVIEW_BUILD /* AddMarkerView.swift in Sources */ = {isa = PBXBuildFile; fileRef = ADDMARKERVIEW_REF /* AddMarkerView.swift */; };
		ALGOVIEW_BUILD_ID /* AlgorithmSelectionView.swift in Sources */ = {isa = PBXBuildFile; fileRef = ALGOVIEW_ID_123456 /* AlgorithmSelectionView.swift */; };
		BLDPREMIUM_BUILD /* building4_premium.png in Resources */ = {isa = PBXBuildFile; fileRef = BLDPREMIUM_REF /* building4_premium.png */; };
		DB255B972C21EF8B00209FD8 /* launchicon2x.png in Resources */ = {isa = PBXBuildFile; fileRef = DB255B962C21EF8B00209FD8 /* launchicon2x.png */; };
		DBFC96332C1C1765009B5AEC /* ScanViewerVC.swift in Sources */ = {isa = PBXBuildFile; fileRef = DBFC96322C1C1765009B5AEC /* ScanViewerVC.swift */; };
		DVENGINE_BUILD_ID /* DepthVizEngine.cpp in Sources */ = {isa = PBXBuildFile; fileRef = DVENGINE_ID_123456 /* DepthVizEngine.cpp */; };
		DVESKF_BUILD_ID /* DV_ESKF.cpp in Sources */ = {isa = PBXBuildFile; fileRef = DVESKF_ID_123456 /* DV_ESKF.cpp */; };
		DVLIO_BUILD_ID /* DV_LIOBackend.cpp in Sources */ = {isa = PBXBuildFile; fileRef = DVLIO_ID_123456 /* DV_LIOBackend.cpp */; };
		DVVIO_BUILD_ID /* DV_VIOManager.cpp in Sources */ = {isa = PBXBuildFile; fileRef = DVVIO_ID_123456 /* DV_VIOManager.cpp */; };
		DVWRAPPER_BUILD_ID /* DepthVizWrapper.mm in Sources */ = {isa = PBXBuildFile; fileRef = DVWRAPPER_ID_123456 /* DepthVizWrapper.mm */; };
		E73DD13124636FEF00D77039 /* AppDelegate.swift in Sources */ = {isa = PBXBuildFile; fileRef = E73DD13024636FEF00D77039 /* AppDelegate.swift */; };
		E73DD13324636FEF00D77039 /* Shaders.metal in Sources */ = {isa = PBXBuildFile; fileRef = E73DD13224636FEF00D77039 /* Shaders.metal */; };
		E73DD13624636FEF00D77039 /* Renderer.swift in Sources */ = {isa = PBXBuildFile; fileRef = E73DD13524636FEF00D77039 /* Renderer.swift */; };
		E73DD13824636FEF00D77039 /* MainVC.swift in Sources */ = {isa = PBXBuildFile; fileRef = E73DD13724636FEF00D77039 /* MainVC.swift */; };
		E73DD13B24636FEF00D77039 /* Main.storyboard in Resources */ = {isa = PBXBuildFile; fileRef = E73DD13924636FEF00D77039 /* Main.storyboard */; };
		E7B7223B24807ACA002E43E8 /* MetalBuffer.swift in Sources */ = {isa = PBXBuildFile; fileRef = E7B7223A24807ACA002E43E8 /* MetalBuffer.swift */; };
		E7B7223D24809D1E002E43E8 /* Helpers.swift in Sources */ = {isa = PBXBuildFile; fileRef = E7B7223C24809D1E002E43E8 /* Helpers.swift */; };
		IMUDEMO_BUILD /* imu_demo.mp4 in Resources */ = {isa = PBXBuildFile; fileRef = IMUDEMO_REF /* imu_demo.mp4 */; };
		LOCALIZABLE_BUILD /* Localizable.strings in Resources */ = {isa = PBXBuildFile; fileRef = LOCALIZABLE_REF /* Localizable.strings */; };
		INFOPLIST_STR_BUILD /* InfoPlist.strings in Resources */ = {isa = PBXBuildFile; fileRef = INFOPLIST_STR_REF /* InfoPlist.strings */; };
		STOREKIT_BUILD /* DepthVizProducts.storekit in Resources */ = {isa = PBXBuildFile; fileRef = STOREKIT_REF /* DepthVizProducts.storekit */; };
		LOCMARKER_BUILD /* LocationMarker.swift in Sources */ = {isa = PBXBuildFile; fileRef = LOCMARKER_REF /* LocationMarker.swift */; };
		LOCSCANSVC_BUILD /* LocationScansViewController.swift in Sources */ = {isa = PBXBuildFile; fileRef = LOCSCANSVC_REF /* LocationScansViewController.swift */; };
		MAPVC_BUILD /* MapViewController.swift in Sources */ = {isa = PBXBuildFile; fileRef = MAPVC_REF /* MapViewController.swift */; };
		MARKERDETAIL_BUILD /* MarkerDetailView.swift in Sources */ = {isa = PBXBuildFile; fileRef = MARKERDETAIL_REF /* MarkerDetailView.swift */; };
		MARKERSTORAGE_BUILD /* MarkerStorage.swift in Sources */ = {isa = PBXBuildFile; fileRef = MARKERSTORAGE_REF /* MarkerStorage.swift */; };
		PCLEXPORTER_BUILD /* PointCloudExporter.swift in Sources */ = {isa = PBXBuildFile; fileRef = PCLEXPORTER_REF /* PointCloudExporter.swift */; };
		PCLSCENEVC_BUILD /* PointCloudSceneViewController.swift in Sources */ = {isa = PBXBuildFile; fileRef = PCLSCENEVC_REF /* PointCloudSceneViewController.swift */; };
		PREMIUMMGR_BUILD /* PremiumManager.swift in Sources */ = {isa = PBXBuildFile; fileRef = PREMIUMMGR_REF /* PremiumManager.swift */; };
		PREMIUMPURCH_BUILD /* PremiumPurchaseManager.swift in Sources */ = {isa = PBXBuildFile; fileRef = PREMIUMPURCH_REF /* PremiumPurchaseManager.swift */; };
		PREMIUMVIDEO_BUILD /* PremiumVideoPopup.swift in Sources */ = {isa = PBXBuildFile; fileRef = PREMIUMVIDEO_REF /* PremiumVideoPopup.swift */; };
		PROJECTMGR_BUILD /* ProjectManager.swift in Sources */ = {isa = PBXBuildFile; fileRef = PROJECTMGR_REF /* ProjectManager.swift */; };
		PROJECT_ENTITY_BUILD /* Project.swift in Sources */ = {isa = PBXBuildFile; fileRef = PROJECT_ENTITY_REF /* Project.swift */; };
		PROJSELVIEW_BUILD /* ProjectSelectionView.swift in Sources */ = {isa = PBXBuildFile; fileRef = PROJSELVIEW_REF /* ProjectSelectionView.swift */; };
		SCANCOUNTMGR_BUILD /* ScanCountManager.swift in Sources */ = {isa = PBXBuildFile; fileRef = SCANCOUNTMGR_REF /* ScanCountManager.swift */; };
		ADMOBMGR_BUILD /* AdMobManager.swift in Sources */ = {isa = PBXBuildFile; fileRef = ADMOBMGR_REF /* AdMobManager.swift */; };
		APPOPENAD_BUILD /* AppOpenAdManager.swift in Sources */ = {isa = PBXBuildFile; fileRef = APPOPENAD_REF /* AppOpenAdManager.swift */; };
		REWARDEDAD_BUILD /* RewardedAdManager.swift in Sources */ = {isa = PBXBuildFile; fileRef = REWARDEDAD_REF /* RewardedAdManager.swift */; };
		INTERSTITIALAD_BUILD /* InterstitialAdManager.swift in Sources */ = {isa = PBXBuildFile; fileRef = INTERSTITIALAD_REF /* InterstitialAdManager.swift */; };
		SCANPREVIEWVC_BUILD_ID /* ScanPreviewVC.swift in Sources */ = {isa = PBXBuildFile; fileRef = SCANPREVIEWVC_ID_123456 /* ScanPreviewVC.swift */; };
		SCANSETTINGSVIEW_BUILD /* ScanSettingsView.swift in Sources */ = {isa = PBXBuildFile; fileRef = SCANSETTINGSVIEW_REF /* ScanSettingsView.swift */; };
		SCANSETTINGS_BUILD /* ScanSettings.swift in Sources */ = {isa = PBXBuildFile; fileRef = SCANSETTINGS_REF /* ScanSettings.swift */; };
		SETTINGSVIEW_BUILD /* SettingsView.swift in Sources */ = {isa = PBXBuildFile; fileRef = SETTINGSVIEW_REF /* SettingsView.swift */; };
		SLAMPOINT_BUILD_ID /* SLAMPoint.swift in Sources */ = {isa = PBXBuildFile; fileRef = SLAMPOINT_ID_123456 /* SLAMPoint.swift */; };
		SLAMSERVICE_MM_BUILD_ID /* SLAMService.mm in Sources */ = {isa = PBXBuildFile; fileRef = SLAMSERVICE_MM_ID_123456 /* SLAMService.mm */; };
		SPLASHVC_BUILD /* SplashViewController.swift in Sources */ = {isa = PBXBuildFile; fileRef = SPLASHVC_REF /* SplashViewController.swift */; };
		STUBCLASSES_BUILD /* StubClasses.swift in Sources */ = {isa = PBXBuildFile; fileRef = STUBCLASSES_REF /* StubClasses.swift */; };
		TRAJDEMO_BUILD /* trajectory_demo.mp4 in Resources */ = {isa = PBXBuildFile; fileRef = TRAJDEMO_REF /* trajectory_demo.mp4 */; };
/* End PBXBuildFile section */

/* Begin PBXFileReference section */
		6653E8952C8D0AA60007E24A /* LaunchScreen.storyboard */ = {isa = PBXFileReference; lastKnownFileType = file.storyboard; path = LaunchScreen.storyboard; sourceTree = "<group>"; };
		6653E8972C8D0C430007E24A /* building4.png */ = {isa = PBXFileReference; lastKnownFileType = image.png; path = building4.png; sourceTree = "<group>"; };
		6666DEE22C8F46B900D21424 /* a_geometric_shaped__building_visualized_by_point_cloud__Remove_background_bird_eye_view__background__5f0285 (1).mp4 */ = {isa = PBXFileReference; lastKnownFileType = file; path = "a_geometric_shaped__building_visualized_by_point_cloud__Remove_background_bird_eye_view__background__5f0285 (1).mp4"; sourceTree = "<group>"; };
		66689B482C8C702200DB20E9 /* UserModel.swift */ = {isa = PBXFileReference; lastKnownFileType = sourcecode.swift; path = UserModel.swift; sourceTree = "<group>"; };
		66689B4B2C8C70A700DB20E9 /* LoginViewController.swift */ = {isa = PBXFileReference; lastKnownFileType = sourcecode.swift; path = LoginViewController.swift; sourceTree = "<group>"; };
		66689B4D2C8C70E500DB20E9 /* AuthManager.swift */ = {isa = PBXFileReference; lastKnownFileType = sourcecode.swift; path = AuthManager.swift; sourceTree = "<group>"; };
		666BA4A82EAD4CD6001372FE /* logo.png */ = {isa = PBXFileReference; lastKnownFileType = image.png; path = logo.png; sourceTree = "<group>"; };
		666BA4AA2EAD4D32001372FE /* logo.png */ = {isa = PBXFileReference; lastKnownFileType = image.png; path = logo.png; sourceTree = "<group>"; };
		6697C8C92F42A86B006E4917 /* StoreKit.framework */ = {isa = PBXFileReference; lastKnownFileType = wrapper.framework; name = StoreKit.framework; path = System/Library/Frameworks/StoreKit.framework; sourceTree = SDKROOT; };
		669A6F0B2C7F35A700F8BDAC /* MatrixMath.swift */ = {isa = PBXFileReference; lastKnownFileType = sourcecode.swift; path = MatrixMath.swift; sourceTree = "<group>"; };
		669A6F0D2C7F47F100F8BDAC /* PointCloud.swift */ = {isa = PBXFileReference; lastKnownFileType = sourcecode.swift; path = PointCloud.swift; sourceTree = "<group>"; };
		66B1C0162C22B9E5003CDAD8 /* Assets.xcassets */ = {isa = PBXFileReference; lastKnownFileType = folder.assetcatalog; path = Assets.xcassets; sourceTree = "<group>"; };
		66E374512C7DD6CE002BBE77 /* ProjectListView.swift */ = {isa = PBXFileReference; lastKnownFileType = sourcecode.swift; path = ProjectListView.swift; sourceTree = "<group>"; };
		66E374552C7DD700002BBE77 /* ProjectDetailVC.swift */ = {isa = PBXFileReference; lastKnownFileType = sourcecode.swift; path = ProjectDetailVC.swift; sourceTree = "<group>"; };
		66E374572C7DD70D002BBE77 /* ProjectDetailView.swift */ = {isa = PBXFileReference; lastKnownFileType = sourcecode.swift; path = ProjectDetailView.swift; sourceTree = "<group>"; };
		66E3745C2C7E1F85002BBE77 /* ActivityViewController.swift */ = {isa = PBXFileReference; lastKnownFileType = sourcecode.swift; path = ActivityViewController.swift; sourceTree = "<group>"; };
		66E374602C7EE053002BBE77 /* ViewController.swift */ = {isa = PBXFileReference; lastKnownFileType = sourcecode.swift; path = ViewController.swift; sourceTree = "<group>"; };
		66E374662C7F31F3002BBE77 /* Shaders.metal */ = {isa = PBXFileReference; lastKnownFileType = sourcecode.metal; path = Shaders.metal; sourceTree = "<group>"; };
		66E374682C7F3222002BBE77 /* Vertex.swift */ = {isa = PBXFileReference; lastKnownFileType = sourcecode.swift; path = Vertex.swift; sourceTree = "<group>"; };
		870959432A24573700021125 /* LidarStorage.swift */ = {isa = PBXFileReference; lastKnownFileType = sourcecode.swift; path = LidarStorage.swift; sourceTree = "<group>"; };
		871356C52A0AA5C50005DE8C /* Double+Extension.swift */ = {isa = PBXFileReference; lastKnownFileType = sourcecode.swift; path = "Double+Extension.swift"; sourceTree = "<group>"; };
		87295C932A0386B30067392D /* ScansButton.swift */ = {isa = PBXFileReference; lastKnownFileType = sourcecode.swift; path = ScansButton.swift; sourceTree = "<group>"; };
		87295C952A038BAD0067392D /* SceneDelegate.swift */ = {isa = PBXFileReference; lastKnownFileType = sourcecode.swift; path = SceneDelegate.swift; sourceTree = "<group>"; };
		87295C982A038DD50067392D /* ScansVC.swift */ = {isa = PBXFileReference; lastKnownFileType = sourcecode.swift; path = ScansVC.swift; sourceTree = "<group>"; };
		87295C9B2A03AA550067392D /* ReloadButton.swift */ = {isa = PBXFileReference; lastKnownFileType = sourcecode.swift; path = ReloadButton.swift; sourceTree = "<group>"; };
		87295C9D2A03ACF40067392D /* ScansVM.swift */ = {isa = PBXFileReference; lastKnownFileType = sourcecode.swift; path = ScansVM.swift; sourceTree = "<group>"; };
		8749E16929EEE2940093F7A7 /* PointCloudCountView.swift */ = {isa = PBXFileReference; lastKnownFileType = sourcecode.swift; path = PointCloudCountView.swift; sourceTree = "<group>"; };
		877F534A29F69D1600A0F931 /* UIView+Extension.swift */ = {isa = PBXFileReference; lastKnownFileType = sourcecode.swift; path = "UIView+Extension.swift"; sourceTree = "<group>"; };
		877F534C29F7C46600A0F931 /* Collection+Extension.swift */ = {isa = PBXFileReference; lastKnownFileType = sourcecode.swift; path = "Collection+Extension.swift"; sourceTree = "<group>"; };
		8793524E29B9D8F200D6A079 /* Utils.swift */ = {isa = PBXFileReference; lastKnownFileType = sourcecode.swift; path = Utils.swift; sourceTree = "<group>"; };
		87ABC86629D1946400881FFB /* UIViewController+Extension.swift */ = {isa = PBXFileReference; lastKnownFileType = sourcecode.swift; path = "UIViewController+Extension.swift"; sourceTree = "<group>"; };
		87ABC86B29D290E900881FFB /* RecordingButton.swift */ = {isa = PBXFileReference; lastKnownFileType = sourcecode.swift; path = RecordingButton.swift; sourceTree = "<group>"; };
		87ABC86D29D3041100881FFB /* StatusIndicatorLabel.swift */ = {isa = PBXFileReference; lastKnownFileType = sourcecode.swift; path = StatusIndicatorLabel.swift; sourceTree = "<group>"; };
		87D842AD2A611CF600032711 /* ScanStorage.swift */ = {isa = PBXFileReference; lastKnownFileType = sourcecode.swift; path = ScanStorage.swift; sourceTree = "<group>"; };
		87D842AF2A611F0000032711 /* ScanData.swift */ = {isa = PBXFileReference; lastKnownFileType = sourcecode.swift; path = ScanData.swift; sourceTree = "<group>"; };
		87D842B12A611F9B00032711 /* Date+Extension.swift */ = {isa = PBXFileReference; lastKnownFileType = sourcecode.swift; path = "Date+Extension.swift"; sourceTree = "<group>"; };
		87D842B32A6120BD00032711 /* Data+Extension.swift */ = {isa = PBXFileReference; lastKnownFileType = sourcecode.swift; path = "Data+Extension.swift"; sourceTree = "<group>"; };
		87D842B52A61353000032711 /* ScanInfo.swift */ = {isa = PBXFileReference; lastKnownFileType = sourcecode.swift; path = ScanInfo.swift; sourceTree = "<group>"; };
		87E9B5212A08A9D200FF4A8D /* LidarProcessStatusLabel.swift */ = {isa = PBXFileReference; lastKnownFileType = sourcecode.swift; path = LidarProcessStatusLabel.swift; sourceTree = "<group>"; };
		87F6F0982A613F8900CE6679 /* ScanStorageVC.swift */ = {isa = PBXFileReference; lastKnownFileType = sourcecode.swift; path = ScanStorageVC.swift; sourceTree = "<group>"; };
		87F6F09C2A61793600CE6679 /* ScanInfoRow.swift */ = {isa = PBXFileReference; lastKnownFileType = sourcecode.swift; path = ScanInfoRow.swift; sourceTree = "<group>"; };
		87F6F09E2A617C8500CE6679 /* Int+Extension.swift */ = {isa = PBXFileReference; lastKnownFileType = sourcecode.swift; path = "Int+Extension.swift"; sourceTree = "<group>"; };
		87F6F0A02A61812F00CE6679 /* ScanInfoRowEventListener.swift */ = {isa = PBXFileReference; lastKnownFileType = sourcecode.swift; path = ScanInfoRowEventListener.swift; sourceTree = "<group>"; };
		87FA5D722A35C4D800E04B4D /* DownloadStorage.swift */ = {isa = PBXFileReference; lastKnownFileType = sourcecode.swift; path = DownloadStorage.swift; sourceTree = "<group>"; };
		87FDBC1A29EE270A00D90D02 /* MainVM.swift */ = {isa = PBXFileReference; lastKnownFileType = sourcecode.swift; path = MainVM.swift; sourceTree = "<group>"; };
		87FDBC1D29EEA53C00D90D02 /* LiDARData.swift */ = {isa = PBXFileReference; lastKnownFileType = sourcecode.swift; path = LiDARData.swift; sourceTree = "<group>"; };
		ADDMARKERVIEW_REF /* AddMarkerView.swift */ = {isa = PBXFileReference; lastKnownFileType = sourcecode.swift; name = AddMarkerView.swift; path = DepthViz/Presentation/Map/AddMarkerView.swift; sourceTree = SOURCE_ROOT; };
		ALGOVIEW_ID_123456 /* AlgorithmSelectionView.swift */ = {isa = PBXFileReference; lastKnownFileType = sourcecode.swift; name = AlgorithmSelectionView.swift; path = DepthViz/Presentation/Settings/AlgorithmSelectionView.swift; sourceTree = SOURCE_ROOT; };
		BLDPREMIUM_REF /* building4_premium.png */ = {isa = PBXFileReference; lastKnownFileType = image.png; name = building4_premium.png; path = DepthViz/Presentation/Extension/building4_premium.png; sourceTree = SOURCE_ROOT; };
		DB23EE222C08398500FC4167 /* env.xcconfig */ = {isa = PBXFileReference; lastKnownFileType = text.xcconfig; path = env.xcconfig; sourceTree = "<group>"; };
		DB255B962C21EF8B00209FD8 /* launchicon2x.png */ = {isa = PBXFileReference; lastKnownFileType = image.png; path = launchicon2x.png; sourceTree = "<group>"; };
		DBFC96322C1C1765009B5AEC /* ScanViewerVC.swift */ = {isa = PBXFileReference; lastKnownFileType = sourcecode.swift; path = ScanViewerVC.swift; sourceTree = "<group>"; };
		DVENGINE_ID_123456 /* DepthVizEngine.cpp */ = {isa = PBXFileReference; lastKnownFileType = sourcecode.cpp.cpp; name = DepthVizEngine.cpp; path = DepthViz/Domain/Algorithm/DepthViz/src/DepthVizEngine.cpp; sourceTree = SOURCE_ROOT; };
		DVESKF_ID_123456 /* DV_ESKF.cpp */ = {isa = PBXFileReference; lastKnownFileType = sourcecode.cpp.cpp; name = DV_ESKF.cpp; path = DepthViz/Domain/Algorithm/DepthViz/src/DV_ESKF.cpp; sourceTree = SOURCE_ROOT; };
		DVLIO_ID_123456 /* DV_LIOBackend.cpp */ = {isa = PBXFileReference; lastKnownFileType = sourcecode.cpp.cpp; name = DV_LIOBackend.cpp; path = DepthViz/Domain/Algorithm/DepthViz/src/DV_LIOBackend.cpp; sourceTree = SOURCE_ROOT; };
		DVVIO_ID_123456 /* DV_VIOManager.cpp */ = {isa = PBXFileReference; lastKnownFileType = sourcecode.cpp.cpp; name = DV_VIOManager.cpp; path = DepthViz/Domain/Algorithm/DepthViz/src/DV_VIOManager.cpp; sourceTree = SOURCE_ROOT; };
		DVWRAPPER_ID_123456 /* DepthVizWrapper.mm */ = {isa = PBXFileReference; lastKnownFileType = sourcecode.cpp.objcpp; name = DepthVizWrapper.mm; path = DepthViz/Domain/Algorithm/DepthViz/include/DepthVizWrapper.mm; sourceTree = SOURCE_ROOT; };
		E73DD12D24636FEF00D77039 /* Point Cloud.app */ = {isa = PBXFileReference; explicitFileType = wrapper.application; includeInIndex = 0; path = "Point Cloud.app"; sourceTree = BUILT_PRODUCTS_DIR; };
		E73DD13024636FEF00D77039 /* AppDelegate.swift */ = {isa = PBXFileReference; lastKnownFileType = sourcecode.swift; path = AppDelegate.swift; sourceTree = "<group>"; };
		E73DD13224636FEF00D77039 /* Shaders.metal */ = {isa = PBXFileReference; lastKnownFileType = sourcecode.metal; path = Shaders.metal; sourceTree = "<group>"; };
		E73DD13424636FEF00D77039 /* ShaderTypes.h */ = {isa = PBXFileReference; lastKnownFileType = sourcecode.c.h; path = ShaderTypes.h; sourceTree = "<group>"; };
		E73DD13524636FEF00D77039 /* Renderer.swift */ = {isa = PBXFileReference; lastKnownFileType = sourcecode.swift; path = Renderer.swift; sourceTree = "<group>"; };
		E73DD13724636FEF00D77039 /* MainVC.swift */ = {isa = PBXFileReference; lastKnownFileType = sourcecode.swift; path = MainVC.swift; sourceTree = "<group>"; };
		E73DD13A24636FEF00D77039 /* Base */ = {isa = PBXFileReference; lastKnownFileType = file.storyboard; name = Base; path = Base.lproj/Main.storyboard; sourceTree = "<group>"; };
		E73DD14124636FF100D77039 /* Info.plist */ = {isa = PBXFileReference; lastKnownFileType = text.plist.xml; path = Info.plist; sourceTree = "<group>"; };
		E73DD14224636FF100D77039 /* DepthViz-Bridging-Header.h */ = {isa = PBXFileReference; lastKnownFileType = sourcecode.c.h; path = "DepthViz-Bridging-Header.h"; sourceTree = "<group>"; };
		E7B7223A24807ACA002E43E8 /* MetalBuffer.swift */ = {isa = PBXFileReference; fileEncoding = 4; lastKnownFileType = sourcecode.swift; path = MetalBuffer.swift; sourceTree = "<group>"; };
		E7B7223C24809D1E002E43E8 /* Helpers.swift */ = {isa = PBXFileReference; lastKnownFileType = sourcecode.swift; path = Helpers.swift; sourceTree = "<group>"; };
		E7E2ED6F1473F1FD1E9543FA /* LICENSE.txt */ = {isa = PBXFileReference; includeInIndex = 1; lastKnownFileType = text; path = LICENSE.txt; sourceTree = "<group>"; };
		IMUDEMO_REF /* imu_demo.mp4 */ = {isa = PBXFileReference; lastKnownFileType = file; name = imu_demo.mp4; path = DepthViz/Resources/imu_demo.mp4; sourceTree = SOURCE_ROOT; };
		LOCALIZABLE_EN /* en */ = {isa = PBXFileReference; lastKnownFileType = text.plist.strings; name = en; path = en.lproj/Localizable.strings; sourceTree = "<group>"; };
		LOCALIZABLE_KO /* ko */ = {isa = PBXFileReference; lastKnownFileType = text.plist.strings; name = ko; path = ko.lproj/Localizable.strings; sourceTree = "<group>"; };
		INFOPLIST_STR_EN /* en */ = {isa = PBXFileReference; lastKnownFileType = text.plist.strings; name = en; path = en.lproj/InfoPlist.strings; sourceTree = "<group>"; };
		INFOPLIST_STR_KO /* ko */ = {isa = PBXFileReference; lastKnownFileType = text.plist.strings; name = ko; path = ko.lproj/InfoPlist.strings; sourceTree = "<group>"; };
		STOREKIT_REF /* DepthVizProducts.storekit */ = {isa = PBXFileReference; lastKnownFileType = text; name = DepthVizProducts.storekit; path = DepthViz/Configuration/DepthVizProducts.storekit; sourceTree = SOURCE_ROOT; };
		LOCMARKER_REF /* LocationMarker.swift */ = {isa = PBXFileReference; lastKnownFileType = sourcecode.swift; name = LocationMarker.swift; path = DepthViz/Domain/Entity/LocationMarker.swift; sourceTree = SOURCE_ROOT; };
		LOCSCANSVC_REF /* LocationScansViewController.swift */ = {isa = PBXFileReference; lastKnownFileType = sourcecode.swift; name = LocationScansViewController.swift; path = DepthViz/Presentation/Map/LocationScansViewController.swift; sourceTree = SOURCE_ROOT; };
		MAPVC_REF /* MapViewController.swift */ = {isa = PBXFileReference; lastKnownFileType = sourcecode.swift; name = MapViewController.swift; path = DepthViz/Presentation/Map/MapViewController.swift; sourceTree = SOURCE_ROOT; };
		MARKERDETAIL_REF /* MarkerDetailView.swift */ = {isa = PBXFileReference; lastKnownFileType = sourcecode.swift; name = MarkerDetailView.swift; path = DepthViz/Presentation/Map/MarkerDetailView.swift; sourceTree = SOURCE_ROOT; };
		MARKERSTORAGE_REF /* MarkerStorage.swift */ = {isa = PBXFileReference; lastKnownFileType = sourcecode.swift; name = MarkerStorage.swift; path = DepthViz/Domain/Model/MarkerStorage.swift; sourceTree = SOURCE_ROOT; };
		PCLEXPORTER_REF /* PointCloudExporter.swift */ = {isa = PBXFileReference; lastKnownFileType = sourcecode.swift; name = PointCloudExporter.swift; path = DepthViz/Domain/PointCloudExporter.swift; sourceTree = SOURCE_ROOT; };
		PCLSCENEVC_REF /* PointCloudSceneViewController.swift */ = {isa = PBXFileReference; lastKnownFileType = sourcecode.swift; name = PointCloudSceneViewController.swift; path = DepthViz/Presentation/Shared/PointCloudSceneViewController.swift; sourceTree = SOURCE_ROOT; };
		PREMIUMMGR_REF /* PremiumManager.swift */ = {isa = PBXFileReference; lastKnownFileType = sourcecode.swift; name = PremiumManager.swift; path = DepthViz/Domain/Premium/PremiumManager.swift; sourceTree = SOURCE_ROOT; };
		PREMIUMPURCH_REF /* PremiumPurchaseManager.swift */ = {isa = PBXFileReference; lastKnownFileType = sourcecode.swift; name = PremiumPurchaseManager.swift; path = DepthViz/Domain/Premium/PremiumPurchaseManager.swift; sourceTree = SOURCE_ROOT; };
		PREMIUMVIDEO_REF /* PremiumVideoPopup.swift */ = {isa = PBXFileReference; lastKnownFileType = sourcecode.swift; name = PremiumVideoPopup.swift; path = DepthViz/Domain/Premium/PremiumVideoPopup.swift; sourceTree = SOURCE_ROOT; };
		PROJECTMGR_REF /* ProjectManager.swift */ = {isa = PBXFileReference; lastKnownFileType = sourcecode.swift; name = ProjectManager.swift; path = DepthViz/Domain/Storage/ProjectManager.swift; sourceTree = SOURCE_ROOT; };
		PROJECT_ENTITY_REF /* Project.swift */ = {isa = PBXFileReference; lastKnownFileType = sourcecode.swift; name = Project.swift; path = DepthViz/Domain/Entity/Project.swift; sourceTree = SOURCE_ROOT; };
		PROJSELVIEW_REF /* ProjectSelectionView.swift */ = {isa = PBXFileReference; lastKnownFileType = sourcecode.swift; name = ProjectSelectionView.swift; path = DepthViz/Presentation/Shared/ProjectSelectionView.swift; sourceTree = SOURCE_ROOT; };
		SCANCOUNTMGR_REF /* ScanCountManager.swift */ = {isa = PBXFileReference; lastKnownFileType = sourcecode.swift; name = ScanCountManager.swift; path = DepthViz/Data/Settings/ScanCountManager.swift; sourceTree = SOURCE_ROOT; };
		ADMOBMGR_REF /* AdMobManager.swift */ = {isa = PBXFileReference; lastKnownFileType = sourcecode.swift; name = AdMobManager.swift; path = DepthViz/Presentation/AdMob/AdMobManager.swift; sourceTree = SOURCE_ROOT; };
		APPOPENAD_REF /* AppOpenAdManager.swift */ = {isa = PBXFileReference; lastKnownFileType = sourcecode.swift; name = AppOpenAdManager.swift; path = DepthViz/Presentation/AdMob/AppOpenAdManager.swift; sourceTree = SOURCE_ROOT; };
		REWARDEDAD_REF /* RewardedAdManager.swift */ = {isa = PBXFileReference; lastKnownFileType = sourcecode.swift; name = RewardedAdManager.swift; path = DepthViz/Presentation/AdMob/RewardedAdManager.swift; sourceTree = SOURCE_ROOT; };
		INTERSTITIALAD_REF /* InterstitialAdManager.swift */ = {isa = PBXFileReference; lastKnownFileType = sourcecode.swift; name = InterstitialAdManager.swift; path = DepthViz/Presentation/AdMob/InterstitialAdManager.swift; sourceTree = SOURCE_ROOT; };
		SCANPREVIEWVC_ID_123456 /* ScanPreviewVC.swift */ = {isa = PBXFileReference; lastKnownFileType = sourcecode.swift; name = ScanPreviewVC.swift; path = DepthViz/Presentation/ScanViewer/ScanPreviewVC.swift; sourceTree = SOURCE_ROOT; };
		SCANSETTINGSVIEW_REF /* ScanSettingsView.swift */ = {isa = PBXFileReference; lastKnownFileType = sourcecode.swift; name = ScanSettingsView.swift; path = DepthViz/Presentation/Main/View/ScanSettingsView.swift; sourceTree = SOURCE_ROOT; };
		SCANSETTINGS_REF /* ScanSettings.swift */ = {isa = PBXFileReference; lastKnownFileType = sourcecode.swift; name = ScanSettings.swift; path = DepthViz/Domain/Entity/ScanSettings.swift; sourceTree = SOURCE_ROOT; };
		SETTINGSVIEW_REF /* SettingsView.swift */ = {isa = PBXFileReference; lastKnownFileType = sourcecode.swift; name = SettingsView.swift; path = DepthViz/Presentation/Settings/SettingsView.swift; sourceTree = SOURCE_ROOT; };
		SLAMPOINT_ID_123456 /* SLAMPoint.swift */ = {isa = PBXFileReference; lastKnownFileType = sourcecode.swift; name = SLAMPoint.swift; path = DepthViz/Domain/Entity/SLAMPoint.swift; sourceTree = SOURCE_ROOT; };
		SLAMSERVICE_H_ID_123456 /* SLAMService.h */ = {isa = PBXFileReference; lastKnownFileType = sourcecode.c.h; name = SLAMService.h; path = DepthViz/Domain/Algorithm/Bridge/SLAMService.h; sourceTree = SOURCE_ROOT; };
		SLAMSERVICE_MM_ID_123456 /* SLAMService.mm */ = {isa = PBXFileReference; lastKnownFileType = sourcecode.cpp.objcpp; name = SLAMService.mm; path = DepthViz/Domain/Algorithm/Bridge/SLAMService.mm; sourceTree = SOURCE_ROOT; };
		SPLASHVC_REF /* SplashViewController.swift */ = {isa = PBXFileReference; lastKnownFileType = sourcecode.swift; name = SplashViewController.swift; path = DepthViz/Presentation/Shared/SplashViewController.swift; sourceTree = SOURCE_ROOT; };
		STUBCLASSES_REF /* StubClasses.swift */ = {isa = PBXFileReference; lastKnownFileType = sourcecode.swift; name = StubClasses.swift; path = DepthViz/Presentation/Main/StubClasses.swift; sourceTree = SOURCE_ROOT; };
		TRAJDEMO_REF /* trajectory_demo.mp4 */ = {isa = PBXFileReference; lastKnownFileType = file; name = trajectory_demo.mp4; path = DepthViz/Resources/trajectory_demo.mp4; sourceTree = SOURCE_ROOT; };
/* End PBXFileReference section */

/* Begin PBXFrameworksBuildPhase section */
		E73DD12A24636FEF00D77039 /* Frameworks */ = {
			isa = PBXFrameworksBuildPhase;
			buildActionMask = 2147483647;
			files = (
				6697C8CA2F42A86B006E4917 /* StoreKit.framework in Frameworks */,
				6697C8D22F42B000006E4917 /* GoogleMobileAds in Frameworks */,
			);
			runOnlyForDeploymentPostprocessing = 0;
		};
/* End PBXFrameworksBuildPhase section */

/* Begin PBXGroup section */
		66689B4A2C8C70A000DB20E9 /* Login */ = {
			isa = PBXGroup;
			children = (
				66689B4D2C8C70E500DB20E9 /* AuthManager.swift */,
				66689B4B2C8C70A700DB20E9 /* LoginViewController.swift */,
			);
			path = Login;
			sourceTree = "<group>";
		};
		6697C8C82F42A86B006E4917 /* Frameworks */ = {
			isa = PBXGroup;
			children = (
				6697C8C92F42A86B006E4917 /* StoreKit.framework */,
			);
			name = Frameworks;
			sourceTree = "<group>";
		};
		870959422A24572400021125 /* Storage */ = {
			isa = PBXGroup;
			children = (
				870959432A24573700021125 /* LidarStorage.swift */,
				87FA5D722A35C4D800E04B4D /* DownloadStorage.swift */,
				87D842AD2A611CF600032711 /* ScanStorage.swift */,
			);
			path = Storage;
			sourceTree = "<group>";
		};
		8711C71529D1322A00F6D5CC /* Presentation */ = {
			isa = PBXGroup;
			children = (
				66689B4A2C8C70A000DB20E9 /* Login */,
				DBFC96312C1C1744009B5AEC /* ScanViewer */,
				87F6F0972A613F5800CE6679 /* ScanStorageVC */,
				87ABC86529D1945200881FFB /* Extension */,
				87ABC86829D2805300881FFB /* Main */,
				87295C972A038DBB0067392D /* Scans */,
			);
			path = Presentation;
			sourceTree = "<group>";
		};
		8711C71629D1323800F6D5CC /* Domain */ = {
			isa = PBXGroup;
			children = (
				E73DD13524636FEF00D77039 /* Renderer.swift */,
				8793524E29B9D8F200D6A079 /* Utils.swift */,
				E7B7223C24809D1E002E43E8 /* Helpers.swift */,
				87FDBC1C29EEA52100D90D02 /* Entity */,
				8711C71829D1329C00F6D5CC /* Metal */,
			);
			path = Domain;
			sourceTree = "<group>";
		};
		8711C71729D1324000F6D5CC /* Data */ = {
			isa = PBXGroup;
			children = (
				66689B482C8C702200DB20E9 /* UserModel.swift */,
				870959422A24572400021125 /* Storage */,
			);
			path = Data;
			sourceTree = "<group>";
		};
		8711C71829D1329C00F6D5CC /* Metal */ = {
			isa = PBXGroup;
			children = (
				E73DD13424636FEF00D77039 /* ShaderTypes.h */,
				E73DD13224636FEF00D77039 /* Shaders.metal */,
				E7B7223A24807ACA002E43E8 /* MetalBuffer.swift */,
			);
			path = Metal;
			sourceTree = "<group>";
		};
		87295C972A038DBB0067392D /* Scans */ = {
			isa = PBXGroup;
			children = (
				87295C982A038DD50067392D /* ScansVC.swift */,
				87295C9D2A03ACF40067392D /* ScansVM.swift */,
				87295C9A2A03AA420067392D /* View */,
			);
			path = Scans;
			sourceTree = "<group>";
		};
		87295C9A2A03AA420067392D /* View */ = {
			isa = PBXGroup;
			children = (
				87295C9B2A03AA550067392D /* ReloadButton.swift */,
				87E9B5212A08A9D200FF4A8D /* LidarProcessStatusLabel.swift */,
			);
			path = View;
			sourceTree = "<group>";
		};
		8749E16829EEE2720093F7A7 /* View */ = {
			isa = PBXGroup;
			children = (
				87ABC86B29D290E900881FFB /* RecordingButton.swift */,
				87ABC86D29D3041100881FFB /* StatusIndicatorLabel.swift */,
				8749E16929EEE2940093F7A7 /* PointCloudCountView.swift */,
				87295C932A0386B30067392D /* ScansButton.swift */,
			);
			path = View;
			sourceTree = "<group>";
		};
		87ABC85829D173AC00881FFB /* Configuration */ = {
			isa = PBXGroup;
			children = (
				E73DD14224636FF100D77039 /* DepthViz-Bridging-Header.h */,
				E7E2ED6F1473F1FD1E9543FA /* LICENSE.txt */,
				DB23EE222C08398500FC4167 /* env.xcconfig */,
			);
			path = Configuration;
			sourceTree = "<group>";
		};
		87ABC86529D1945200881FFB /* Extension */ = {
			isa = PBXGroup;
			children = (
				6653E8972C8D0C430007E24A /* building4.png */,
				87ABC86629D1946400881FFB /* UIViewController+Extension.swift */,
				877F534A29F69D1600A0F931 /* UIView+Extension.swift */,
				877F534C29F7C46600A0F931 /* Collection+Extension.swift */,
				871356C52A0AA5C50005DE8C /* Double+Extension.swift */,
				87D842B12A611F9B00032711 /* Date+Extension.swift */,
				87D842B32A6120BD00032711 /* Data+Extension.swift */,
				87F6F09E2A617C8500CE6679 /* Int+Extension.swift */,
			);
			path = Extension;
			sourceTree = "<group>";
		};
		87ABC86829D2805300881FFB /* Main */ = {
			isa = PBXGroup;
			children = (
				E73DD13724636FEF00D77039 /* MainVC.swift */,
				87FDBC1A29EE270A00D90D02 /* MainVM.swift */,
				8749E16829EEE2720093F7A7 /* View */,
			);
			path = Main;
			sourceTree = "<group>";
		};
		87F6F0972A613F5800CE6679 /* ScanStorageVC */ = {
			isa = PBXGroup;
			children = (
				669A6F0D2C7F47F100F8BDAC /* PointCloud.swift */,
				66E374602C7EE053002BBE77 /* ViewController.swift */,
				669A6F0B2C7F35A700F8BDAC /* MatrixMath.swift */,
				66E374682C7F3222002BBE77 /* Vertex.swift */,
				66E3745C2C7E1F85002BBE77 /* ActivityViewController.swift */,
				66E374572C7DD70D002BBE77 /* ProjectDetailView.swift */,
				66E374662C7F31F3002BBE77 /* Shaders.metal */,
				66E374552C7DD700002BBE77 /* ProjectDetailVC.swift */,
				66E374512C7DD6CE002BBE77 /* ProjectListView.swift */,
				87F6F0982A613F8900CE6679 /* ScanStorageVC.swift */,
				87F6F09C2A61793600CE6679 /* ScanInfoRow.swift */,
				87F6F0A02A61812F00CE6679 /* ScanInfoRowEventListener.swift */,
			);
			path = ScanStorageVC;
			sourceTree = "<group>";
		};
		87FDBC1C29EEA52100D90D02 /* Entity */ = {
			isa = PBXGroup;
			children = (
				87FDBC1D29EEA53C00D90D02 /* LiDARData.swift */,
				87D842AF2A611F0000032711 /* ScanData.swift */,
				87D842B52A61353000032711 /* ScanInfo.swift */,
			);
			path = Entity;
			sourceTree = "<group>";
		};
		DBFC96312C1C1744009B5AEC /* ScanViewer */ = {
			isa = PBXGroup;
			children = (
				DBFC96322C1C1765009B5AEC /* ScanViewerVC.swift */,
			);
			path = ScanViewer;
			sourceTree = "<group>";
		};
		E73DD12424636FEF00D77039 = {
			isa = PBXGroup;
			children = (
				666BA4AA2EAD4D32001372FE /* logo.png */,
				E73DD12F24636FEF00D77039 /* DepthViz */,
				6697C8C82F42A86B006E4917 /* Frameworks */,
				E73DD12E24636FEF00D77039 /* Products */,
			);
			sourceTree = "<group>";
		};
		E73DD12E24636FEF00D77039 /* Products */ = {
			isa = PBXGroup;
			children = (
				E73DD12D24636FEF00D77039 /* Point Cloud.app */,
			);
			name = Products;
			sourceTree = "<group>";
		};
		E73DD12F24636FEF00D77039 /* DepthViz */ = {
			isa = PBXGroup;
			children = (
				87ABC85829D173AC00881FFB /* Configuration */,
				8711C71529D1322A00F6D5CC /* Presentation */,
				8711C71629D1323800F6D5CC /* Domain */,
				8711C71729D1324000F6D5CC /* Data */,
				E73DD13924636FEF00D77039 /* Main.storyboard */,
				666BA4A82EAD4CD6001372FE /* logo.png */,
				6653E8952C8D0AA60007E24A /* LaunchScreen.storyboard */,
				E73DD13024636FEF00D77039 /* AppDelegate.swift */,
				87295C952A038BAD0067392D /* SceneDelegate.swift */,
				6666DEE22C8F46B900D21424 /* a_geometric_shaped__building_visualized_by_point_cloud__Remove_background_bird_eye_view__background__5f0285 (1).mp4 */,
				66B1C0162C22B9E5003CDAD8 /* Assets.xcassets */,
				E73DD14124636FF100D77039 /* Info.plist */,
				DB255B962C21EF8B00209FD8 /* launchicon2x.png */,
				SLAMSERVICE_H_ID_123456 /* SLAMService.h */,
				SLAMSERVICE_MM_ID_123456 /* SLAMService.mm */,
				SCANPREVIEWVC_ID_123456 /* ScanPreviewVC.swift */,
				SLAMPOINT_ID_123456 /* SLAMPoint.swift */,
				ALGOVIEW_ID_123456 /* AlgorithmSelectionView.swift */,
				DVWRAPPER_ID_123456 /* DepthVizWrapper.mm */,
				DVENGINE_ID_123456 /* DepthVizEngine.cpp */,
				DVLIO_ID_123456 /* DV_LIOBackend.cpp */,
				DVVIO_ID_123456 /* DV_VIOManager.cpp */,
				DVESKF_ID_123456 /* DV_ESKF.cpp */,
				SCANSETTINGS_REF /* ScanSettings.swift */,
				LOCMARKER_REF /* LocationMarker.swift */,
				PROJECT_ENTITY_REF /* Project.swift */,
				MARKERSTORAGE_REF /* MarkerStorage.swift */,
				PCLEXPORTER_REF /* PointCloudExporter.swift */,
				PREMIUMMGR_REF /* PremiumManager.swift */,
				PREMIUMPURCH_REF /* PremiumPurchaseManager.swift */,
				PREMIUMVIDEO_REF /* PremiumVideoPopup.swift */,
				PROJECTMGR_REF /* ProjectManager.swift */,
				STUBCLASSES_REF /* StubClasses.swift */,
				SCANSETTINGSVIEW_REF /* ScanSettingsView.swift */,
				ADDMARKERVIEW_REF /* AddMarkerView.swift */,
				LOCSCANSVC_REF /* LocationScansViewController.swift */,
				MAPVC_REF /* MapViewController.swift */,
				MARKERDETAIL_REF /* MarkerDetailView.swift */,
				SETTINGSVIEW_REF /* SettingsView.swift */,
				PCLSCENEVC_REF /* PointCloudSceneViewController.swift */,
				SPLASHVC_REF /* SplashViewController.swift */,
				PROJSELVIEW_REF /* ProjectSelectionView.swift */,
				SCANCOUNTMGR_REF /* ScanCountManager.swift */,
				IMUDEMO_REF /* imu_demo.mp4 */,
				TRAJDEMO_REF /* trajectory_demo.mp4 */,
				LOCALIZABLE_REF /* Localizable.strings */,
				INFOPLIST_STR_REF /* InfoPlist.strings */,
				STOREKIT_REF /* DepthVizProducts.storekit */,
				BLDPREMIUM_REF /* building4_premium.png */,
				ADMOBMGR_REF /* AdMobManager.swift */,
				APPOPENAD_REF /* AppOpenAdManager.swift */,
				REWARDEDAD_REF /* RewardedAdManager.swift */,
				INTERSTITIALAD_REF /* InterstitialAdManager.swift */,
			);
			path = DepthViz;
			sourceTree = "<group>";
		};
/* End PBXGroup section */

/* Begin PBXNativeTarget section */
		E73DD12C24636FEF00D77039 /* DepthViz */ = {
			isa = PBXNativeTarget;
			buildConfigurationList = E73DD14524636FF100D77039 /* Build configuration list for PBXNativeTarget "DepthViz" */;
			buildPhases = (
				E73DD12924636FEF00D77039 /* Sources */,
				E73DD12A24636FEF00D77039 /* Frameworks */,
				E73DD12B24636FEF00D77039 /* Resources */,
			);
			buildRules = (
			);
			dependencies = (
			);
			name = DepthViz;
			packageProductDependencies = (
				6697C8D12F42B000006E4917 /* GoogleMobileAds */,
			);
			productName = SceneDepthDemo;
			productReference = E73DD12D24636FEF00D77039 /* Point Cloud.app */;
			productType = "com.apple.product-type.application";
		};
/* End PBXNativeTarget section */

/* Begin PBXProject section */
		E73DD12524636FEF00D77039 /* Project object */ = {
			isa = PBXProject;
			attributes = {
				BuildIndependentTargetsInParallel = YES;
				LastSwiftUpdateCheck = 1140;
				LastUpgradeCheck = 1610;
				ORGANIZATIONNAME = Apple;
				TargetAttributes = {
					E73DD12C24636FEF00D77039 = {
						CreatedOnToolsVersion = 11.4;
					};
				};
			};
			buildConfigurationList = E73DD12824636FEF00D77039 /* Build configuration list for PBXProject "DepthViz" */;
			compatibilityVersion = "Xcode 9.3";
			developmentRegion = en;
			hasScannedForEncodings = 0;
			knownRegions = (
				en,
				ko,
				Base,
			);
			mainGroup = E73DD12424636FEF00D77039;
			packageReferences = (
				6697C8D02F42B000006E4917 /* XCRemoteSwiftPackageReference "swift-package-manager-google-mobile-ads" */,
			);
			productRefGroup = E73DD12E24636FEF00D77039 /* Products */;
			projectDirPath = "";
			projectRoot = "";
			targets = (
				E73DD12C24636FEF00D77039 /* DepthViz */,
			);
		};
/* End PBXProject section */

/* Begin PBXResourcesBuildPhase section */
		E73DD12B24636FEF00D77039 /* Resources */ = {
			isa = PBXResourcesBuildPhase;
			buildActionMask = 2147483647;
			files = (
				DB255B972C21EF8B00209FD8 /* launchicon2x.png in Resources */,
				6653E8962C8D0AA60007E24A /* LaunchScreen.storyboard in Resources */,
				66B1C0172C22B9E5003CDAD8 /* Assets.xcassets in Resources */,
				6653E8982C8D0C430007E24A /* building4.png in Resources */,
				666BA4A92EAD4CD6001372FE /* logo.png in Resources */,
				E73DD13B24636FEF00D77039 /* Main.storyboard in Resources */,
				6666DEE32C8F46B900D21424 /* a_geometric_shaped__building_visualized_by_point_cloud__Remove_background_bird_eye_view__background__5f0285 (1).mp4 in Resources */,
				IMUDEMO_BUILD /* imu_demo.mp4 in Resources */,
				TRAJDEMO_BUILD /* trajectory_demo.mp4 in Resources */,
				LOCALIZABLE_BUILD /* Localizable.strings in Resources */,
				INFOPLIST_STR_BUILD /* InfoPlist.strings in Resources */,
				STOREKIT_BUILD /* DepthVizProducts.storekit in Resources */,
				BLDPREMIUM_BUILD /* building4_premium.png in Resources */,
			);
			runOnlyForDeploymentPostprocessing = 0;
		};
/* End PBXResourcesBuildPhase section */

/* Begin PBXSourcesBuildPhase section */
		E73DD12924636FEF00D77039 /* Sources */ = {
			isa = PBXSourcesBuildPhase;
			buildActionMask = 2147483647;
			files = (
				669A6F0C2C7F35B100F8BDAC /* MatrixMath.swift in Sources */,
				66689B4E2C8C70E900DB20E9 /* AuthManager.swift in Sources */,
				87E9B5222A08A9D200FF4A8D /* LidarProcessStatusLabel.swift in Sources */,
				871356C62A0AA5C50005DE8C /* Double+Extension.swift in Sources */,
				87D842B22A611F9B00032711 /* Date+Extension.swift in Sources */,
				87FDBC1B29EE270A00D90D02 /* MainVM.swift in Sources */,
				66E374692C7F3222002BBE77 /* Vertex.swift in Sources */,
				87F6F09F2A617C8500CE6679 /* Int+Extension.swift in Sources */,
				E73DD13324636FEF00D77039 /* Shaders.metal in Sources */,
				87F6F0A12A61812F00CE6679 /* ScanInfoRowEventListener.swift in Sources */,
				E7B7223D24809D1E002E43E8 /* Helpers.swift in Sources */,
				87295C992A038DD50067392D /* ScansVC.swift in Sources */,
				87FA5D732A35C4D800E04B4D /* DownloadStorage.swift in Sources */,
				66E374522C7DD6D4002BBE77 /* ProjectListView.swift in Sources */,
				669A6F0E2C7F47F100F8BDAC /* PointCloud.swift in Sources */,
				87D842AE2A611CF600032711 /* ScanStorage.swift in Sources */,
				87ABC86E29D3041100881FFB /* StatusIndicatorLabel.swift in Sources */,
				87FDBC1E29EEA53C00D90D02 /* LiDARData.swift in Sources */,
				87ABC86729D1946400881FFB /* UIViewController+Extension.swift in Sources */,
				66689B4C2C8C70BD00DB20E9 /* LoginViewController.swift in Sources */,
				87F6F09D2A61793600CE6679 /* ScanInfoRow.swift in Sources */,
				E7B7223B24807ACA002E43E8 /* MetalBuffer.swift in Sources */,
				87D842B62A61353000032711 /* ScanInfo.swift in Sources */,
				87295C942A0386B30067392D /* ScansButton.swift in Sources */,
				DBFC96332C1C1765009B5AEC /* ScanViewerVC.swift in Sources */,
				87295C9E2A03ACF40067392D /* ScansVM.swift in Sources */,
				66E374612C7EE053002BBE77 /* ViewController.swift in Sources */,
				87F6F0992A613F8900CE6679 /* ScanStorageVC.swift in Sources */,
				66689B492C8C702200DB20E9 /* UserModel.swift in Sources */,
				870959442A24573700021125 /* LidarStorage.swift in Sources */,
				66E374672C7F31F3002BBE77 /* Shaders.metal in Sources */,
				87D842B42A6120BD00032711 /* Data+Extension.swift in Sources */,
				8749E16A29EEE2940093F7A7 /* PointCloudCountView.swift in Sources */,
				8793524F29B9D8F200D6A079 /* Utils.swift in Sources */,
				87295C9C2A03AA550067392D /* ReloadButton.swift in Sources */,
				87ABC86C29D290E900881FFB /* RecordingButton.swift in Sources */,
				E73DD13624636FEF00D77039 /* Renderer.swift in Sources */,
				E73DD13824636FEF00D77039 /* MainVC.swift in Sources */,
				877F534D29F7C46600A0F931 /* Collection+Extension.swift in Sources */,
				87295C962A038BAD0067392D /* SceneDelegate.swift in Sources */,
				66E374582C7DD711002BBE77 /* ProjectDetailView.swift in Sources */,
				66E3745D2C7E1F85002BBE77 /* ActivityViewController.swift in Sources */,
				66E374562C7DD704002BBE77 /* ProjectDetailVC.swift in Sources */,
				877F534B29F69D1600A0F931 /* UIView+Extension.swift in Sources */,
				87D842B02A611F0000032711 /* ScanData.swift in Sources */,
				E73DD13124636FEF00D77039 /* AppDelegate.swift in Sources */,
				SLAMSERVICE_MM_BUILD_ID /* SLAMService.mm in Sources */,
				SCANPREVIEWVC_BUILD_ID /* ScanPreviewVC.swift in Sources */,
				SLAMPOINT_BUILD_ID /* SLAMPoint.swift in Sources */,
				ALGOVIEW_BUILD_ID /* AlgorithmSelectionView.swift in Sources */,
				DVWRAPPER_BUILD_ID /* DepthVizWrapper.mm in Sources */,
				DVENGINE_BUILD_ID /* DepthVizEngine.cpp in Sources */,
				DVLIO_BUILD_ID /* DV_LIOBackend.cpp in Sources */,
				DVVIO_BUILD_ID /* DV_VIOManager.cpp in Sources */,
				DVESKF_BUILD_ID /* DV_ESKF.cpp in Sources */,
				SCANSETTINGS_BUILD /* ScanSettings.swift in Sources */,
				LOCMARKER_BUILD /* LocationMarker.swift in Sources */,
				PROJECT_ENTITY_BUILD /* Project.swift in Sources */,
				MARKERSTORAGE_BUILD /* MarkerStorage.swift in Sources */,
				PCLEXPORTER_BUILD /* PointCloudExporter.swift in Sources */,
				PREMIUMMGR_BUILD /* PremiumManager.swift in Sources */,
				PREMIUMPURCH_BUILD /* PremiumPurchaseManager.swift in Sources */,
				PREMIUMVIDEO_BUILD /* PremiumVideoPopup.swift in Sources */,
				PROJECTMGR_BUILD /* ProjectManager.swift in Sources */,
				STUBCLASSES_BUILD /* StubClasses.swift in Sources */,
				SCANSETTINGSVIEW_BUILD /* ScanSettingsView.swift in Sources */,
				ADDMARKERVIEW_BUILD /* AddMarkerView.swift in Sources */,
				LOCSCANSVC_BUILD /* LocationScansViewController.swift in Sources */,
				MAPVC_BUILD /* MapViewController.swift in Sources */,
				MARKERDETAIL_BUILD /* MarkerDetailView.swift in Sources */,
				SETTINGSVIEW_BUILD /* SettingsView.swift in Sources */,
				PCLSCENEVC_BUILD /* PointCloudSceneViewController.swift in Sources */,
				SPLASHVC_BUILD /* SplashViewController.swift in Sources */,
				PROJSELVIEW_BUILD /* ProjectSelectionView.swift in Sources */,
				SCANCOUNTMGR_BUILD /* ScanCountManager.swift in Sources */,
				ADMOBMGR_BUILD /* AdMobManager.swift in Sources */,
				APPOPENAD_BUILD /* AppOpenAdManager.swift in Sources */,
				REWARDEDAD_BUILD /* RewardedAdManager.swift in Sources */,
				INTERSTITIALAD_BUILD /* InterstitialAdManager.swift in Sources */,
			);
			runOnlyForDeploymentPostprocessing = 0;
		};
/* End PBXSourcesBuildPhase section */

/* Begin PBXVariantGroup section */
		E73DD13924636FEF00D77039 /* Main.storyboard */ = {
			isa = PBXVariantGroup;
			children = (
				E73DD13A24636FEF00D77039 /* Base */,
			);
			name = Main.storyboard;
			sourceTree = "<group>";
		};
		LOCALIZABLE_REF /* Localizable.strings */ = {
			isa = PBXVariantGroup;
			children = (
				LOCALIZABLE_EN /* en */,
				LOCALIZABLE_KO /* ko */,
			);
			name = Localizable.strings;
			sourceTree = "<group>";
		};
		INFOPLIST_STR_REF /* InfoPlist.strings */ = {
			isa = PBXVariantGroup;
			children = (
				INFOPLIST_STR_EN /* en */,
				INFOPLIST_STR_KO /* ko */,
			);
			name = InfoPlist.strings;
			sourceTree = "<group>";
		};
/* End PBXVariantGroup section */

/* Begin XCBuildConfiguration section */
		E73DD14324636FF100D77039 /* Debug */ = {
			isa = XCBuildConfiguration;
			buildSettings = {
				ALWAYS_SEARCH_USER_PATHS = NO;
				CLANG_ANALYZER_NONNULL = YES;
				CLANG_ANALYZER_NUMBER_OBJECT_CONVERSION = YES_AGGRESSIVE;
				CLANG_CXX_LANGUAGE_STANDARD = "gnu++14";
				CLANG_CXX_LIBRARY = "libc++";
				CLANG_ENABLE_MODULES = YES;
				CLANG_ENABLE_OBJC_ARC = YES;
				CLANG_ENABLE_OBJC_WEAK = YES;
				CLANG_WARN_BLOCK_CAPTURE_AUTORELEASING = YES;
				CLANG_WARN_BOOL_CONVERSION = YES;
				CLANG_WARN_COMMA = YES;
				CLANG_WARN_CONSTANT_CONVERSION = YES;
				CLANG_WARN_DEPRECATED_OBJC_IMPLEMENTATIONS = YES;
				CLANG_WARN_DIRECT_OBJC_ISA_USAGE = YES_ERROR;
				CLANG_WARN_DOCUMENTATION_COMMENTS = YES;
				CLANG_WARN_EMPTY_BODY = YES;
				CLANG_WARN_ENUM_CONVERSION = YES;
				CLANG_WARN_INFINITE_RECURSION = YES;
				CLANG_WARN_INT_CONVERSION = YES;
				CLANG_WARN_NON_LITERAL_NULL_CONVERSION = YES;
				CLANG_WARN_OBJC_IMPLICIT_RETAIN_SELF = YES;
				CLANG_WARN_OBJC_LITERAL_CONVERSION = YES;
				CLANG_WARN_OBJC_ROOT_CLASS = YES_ERROR;
				CLANG_WARN_QUOTED_INCLUDE_IN_FRAMEWORK_HEADER = YES;
				CLANG_WARN_RANGE_LOOP_ANALYSIS = YES;
				CLANG_WARN_STRICT_PROTOTYPES = YES;
				CLANG_WARN_SUSPICIOUS_MOVE = YES;
				CLANG_WARN_UNGUARDED_AVAILABILITY = YES_AGGRESSIVE;
				CLANG_WARN_UNREACHABLE_CODE = YES;
				CLANG_WARN__DUPLICATE_METHOD_MATCH = YES;
				CODE_SIGN_STYLE = Automatic;
				COPY_PHASE_STRIP = NO;
				DEBUG_INFORMATION_FORMAT = dwarf;
				ENABLE_STRICT_OBJC_MSGSEND = YES;
				ENABLE_TESTABILITY = YES;
				ENABLE_USER_SCRIPT_SANDBOXING = YES;
				GCC_C_LANGUAGE_STANDARD = gnu11;
				GCC_DYNAMIC_NO_PIC = NO;
				GCC_NO_COMMON_BLOCKS = YES;
				GCC_OPTIMIZATION_LEVEL = 0;
				GCC_PREPROCESSOR_DEFINITIONS = (
					"DEBUG=1",
					"$(inherited)",
				);
				GCC_WARN_64_TO_32_BIT_CONVERSION = YES;
				GCC_WARN_ABOUT_RETURN_TYPE = YES_ERROR;
				GCC_WARN_UNDECLARED_SELECTOR = YES;
				GCC_WARN_UNINITIALIZED_AUTOS = YES_AGGRESSIVE;
				GCC_WARN_UNUSED_FUNCTION = YES;
				GCC_WARN_UNUSED_VARIABLE = YES;
				HEADER_SEARCH_PATHS = (
					"$(inherited)",
					"$(PROJECT_DIR)/DepthViz/Domain/Algorithm/Common/include",
					"$(PROJECT_DIR)/DepthViz/Domain/Algorithm/ThirdParty/Eigen",
					"$(PROJECT_DIR)/DepthViz/Domain/Algorithm/DepthViz/include",
					"$(PROJECT_DIR)/DepthViz/Frameworks/opencv.framework/Headers",
				);
				IPHONEOS_DEPLOYMENT_TARGET = 17.5;
				MTL_ENABLE_DEBUG_INFO = INCLUDE_SOURCE;
				MTL_FAST_MATH = YES;
				ONLY_ACTIVE_ARCH = YES;
				SDKROOT = iphoneos;
				SWIFT_ACTIVE_COMPILATION_CONDITIONS = DEBUG;
				SWIFT_OPTIMIZATION_LEVEL = "-Onone";
			};
			name = Debug;
		};
		E73DD14424636FF100D77039 /* Release */ = {
			isa = XCBuildConfiguration;
			buildSettings = {
				ALWAYS_SEARCH_USER_PATHS = NO;
				CLANG_ANALYZER_NONNULL = YES;
				CLANG_ANALYZER_NUMBER_OBJECT_CONVERSION = YES_AGGRESSIVE;
				CLANG_CXX_LANGUAGE_STANDARD = "gnu++14";
				CLANG_CXX_LIBRARY = "libc++";
				CLANG_ENABLE_MODULES = YES;
				CLANG_ENABLE_OBJC_ARC = YES;
				CLANG_ENABLE_OBJC_WEAK = YES;
				CLANG_WARN_BLOCK_CAPTURE_AUTORELEASING = YES;
				CLANG_WARN_BOOL_CONVERSION = YES;
				CLANG_WARN_COMMA = YES;
				CLANG_WARN_CONSTANT_CONVERSION = YES;
				CLANG_WARN_DEPRECATED_OBJC_IMPLEMENTATIONS = YES;
				CLANG_WARN_DIRECT_OBJC_ISA_USAGE = YES_ERROR;
				CLANG_WARN_DOCUMENTATION_COMMENTS = YES;
				CLANG_WARN_EMPTY_BODY = YES;
				CLANG_WARN_ENUM_CONVERSION = YES;
				CLANG_WARN_INFINITE_RECURSION = YES;
				CLANG_WARN_INT_CONVERSION = YES;
				CLANG_WARN_NON_LITERAL_NULL_CONVERSION = YES;
				CLANG_WARN_OBJC_IMPLICIT_RETAIN_SELF = YES;
				CLANG_WARN_OBJC_LITERAL_CONVERSION = YES;
				CLANG_WARN_OBJC_ROOT_CLASS = YES_ERROR;
				CLANG_WARN_QUOTED_INCLUDE_IN_FRAMEWORK_HEADER = YES;
				CLANG_WARN_RANGE_LOOP_ANALYSIS = YES;
				CLANG_WARN_STRICT_PROTOTYPES = YES;
				CLANG_WARN_SUSPICIOUS_MOVE = YES;
				CLANG_WARN_UNGUARDED_AVAILABILITY = YES_AGGRESSIVE;
				CLANG_WARN_UNREACHABLE_CODE = YES;
				CLANG_WARN__DUPLICATE_METHOD_MATCH = YES;
				CODE_SIGN_STYLE = Automatic;
				COPY_PHASE_STRIP = NO;
				DEBUG_INFORMATION_FORMAT = "dwarf-with-dsym";
				ENABLE_NS_ASSERTIONS = NO;
				ENABLE_STRICT_OBJC_MSGSEND = YES;
				ENABLE_USER_SCRIPT_SANDBOXING = YES;
				GCC_C_LANGUAGE_STANDARD = gnu11;
				GCC_NO_COMMON_BLOCKS = YES;
				GCC_WARN_64_TO_32_BIT_CONVERSION = YES;
				GCC_WARN_ABOUT_RETURN_TYPE = YES_ERROR;
				GCC_WARN_UNDECLARED_SELECTOR = YES;
				GCC_WARN_UNINITIALIZED_AUTOS = YES_AGGRESSIVE;
				GCC_WARN_UNUSED_FUNCTION = YES;
				GCC_WARN_UNUSED_VARIABLE = YES;
				HEADER_SEARCH_PATHS = (
					"$(inherited)",
					"$(PROJECT_DIR)/DepthViz/Domain/Algorithm/Common/include",
					"$(PROJECT_DIR)/DepthViz/Domain/Algorithm/ThirdParty/Eigen",
					"$(PROJECT_DIR)/DepthViz/Domain/Algorithm/DepthViz/include",
					"$(PROJECT_DIR)/DepthViz/Frameworks/opencv.framework/Headers",
				);
				IPHONEOS_DEPLOYMENT_TARGET = 17.5;
				MTL_ENABLE_DEBUG_INFO = NO;
				MTL_FAST_MATH = YES;
				SDKROOT = iphoneos;
				SWIFT_COMPILATION_MODE = wholemodule;
				SWIFT_OPTIMIZATION_LEVEL = "-O";
				VALIDATE_PRODUCT = YES;
			};
			name = Release;
		};
		E73DD14624636FF100D77039 /* Debug */ = {
			isa = XCBuildConfiguration;
			buildSettings = {
				ASSETCATALOG_COMPILER_APPICON_NAME = AppIcon;
				"ASSETCATALOG_COMPILER_APPICON_NAME[sdk=iphoneos*]" = AppIcon;
				ASSETCATALOG_COMPILER_INCLUDE_ALL_APPICON_ASSETS = YES;
				CODE_SIGN_ENTITLEMENTS = "";
				CODE_SIGN_IDENTITY = "iPhone Developer";
				CODE_SIGN_STYLE = Automatic;
				CURRENT_PROJECT_VERSION = 1;
				DEVELOPMENT_TEAM = D9WJV9698J;
				HEADER_SEARCH_PATHS = (
					"$(inherited)",
					"$(PROJECT_DIR)/DepthViz/Domain/Algorithm/Common/include",
					"$(PROJECT_DIR)/DepthViz/Domain/Algorithm/ThirdParty/Eigen",
					"$(PROJECT_DIR)/DepthViz/Domain/Algorithm/DepthViz/include",
					"$(PROJECT_DIR)/DepthViz/Frameworks/opencv.framework/Headers",
				);
				INFOPLIST_FILE = DepthViz/Info.plist;
				INFOPLIST_KEY_CFBundleDisplayName = DepthViz;
				INFOPLIST_KEY_LSApplicationCategoryType = "public.app-category.business";
				IPHONEOS_DEPLOYMENT_TARGET = 18.0;
				LD_RUNPATH_SEARCH_PATHS = (
					"$(inherited)",
					"@executable_path/Frameworks",
				);
				MARKETING_VERSION = 2.1;
				PRODUCT_BUNDLE_IDENTIFIER = "DepthViz-Kaist";
				PRODUCT_NAME = "Point Cloud";
				PROVISIONING_PROFILE_SPECIFIER = "";
				SDKROOT = iphoneos;
				SUPPORTED_PLATFORMS = "iphoneos iphonesimulator";
				SUPPORTS_MACCATALYST = NO;
				SUPPORTS_MAC_DESIGNED_FOR_IPHONE_IPAD = YES;
				SWIFT_OBJC_BRIDGING_HEADER = "DepthViz/Configuration/DepthViz-Bridging-Header.h";
				SWIFT_VERSION = 5.0;
				TARGETED_DEVICE_FAMILY = 1;
			};
			name = Debug;
		};
		E73DD14724636FF100D77039 /* Release */ = {
			isa = XCBuildConfiguration;
			buildSettings = {
				ASSETCATALOG_COMPILER_APPICON_NAME = AppIcon;
				ASSETCATALOG_COMPILER_INCLUDE_ALL_APPICON_ASSETS = YES;
				CODE_SIGN_ENTITLEMENTS = "";
				CODE_SIGN_IDENTITY = "iPhone Developer";
				CODE_SIGN_STYLE = Automatic;
				CURRENT_PROJECT_VERSION = 1;
				DEVELOPMENT_TEAM = D9WJV9698J;
				HEADER_SEARCH_PATHS = (
					"$(inherited)",
					"$(PROJECT_DIR)/DepthViz/Domain/Algorithm/Common/include",
					"$(PROJECT_DIR)/DepthViz/Domain/Algorithm/ThirdParty/Eigen",
					"$(PROJECT_DIR)/DepthViz/Domain/Algorithm/DepthViz/include",
					"$(PROJECT_DIR)/DepthViz/Frameworks/opencv.framework/Headers",
				);
				INFOPLIST_FILE = DepthViz/Info.plist;
				INFOPLIST_KEY_CFBundleDisplayName = DepthViz;
				INFOPLIST_KEY_LSApplicationCategoryType = "public.app-category.business";
				IPHONEOS_DEPLOYMENT_TARGET = 18.0;
				LD_RUNPATH_SEARCH_PATHS = (
					"$(inherited)",
					"@executable_path/Frameworks",
				);
				MARKETING_VERSION = 2.1;
				PRODUCT_BUNDLE_IDENTIFIER = "DepthViz-Kaist";
				PRODUCT_NAME = "Point Cloud";
				PROVISIONING_PROFILE_SPECIFIER = "";
				SDKROOT = iphoneos;
				SUPPORTED_PLATFORMS = "iphoneos iphonesimulator";
				SUPPORTS_MACCATALYST = NO;
				SUPPORTS_MAC_DESIGNED_FOR_IPHONE_IPAD = YES;
				SWIFT_OBJC_BRIDGING_HEADER = "DepthViz/Configuration/DepthViz-Bridging-Header.h";
				SWIFT_VERSION = 5.0;
				TARGETED_DEVICE_FAMILY = 1;
			};
			name = Release;
		};
/* End XCBuildConfiguration section */

/* Begin XCConfigurationList section */
		E73DD12824636FEF00D77039 /* Build configuration list for PBXProject "DepthViz" */ = {
			isa = XCConfigurationList;
			buildConfigurations = (
				E73DD14324636FF100D77039 /* Debug */,
				E73DD14424636FF100D77039 /* Release */,
			);
			defaultConfigurationIsVisible = 0;
			defaultConfigurationName = Release;
		};
		E73DD14524636FF100D77039 /* Build configuration list for PBXNativeTarget "DepthViz" */ = {
			isa = XCConfigurationList;
			buildConfigurations = (
				E73DD14624636FF100D77039 /* Debug */,
				E73DD14724636FF100D77039 /* Release */,
			);
			defaultConfigurationIsVisible = 0;
			defaultConfigurationName = Release;
		};
/* End XCConfigurationList section */

/* Begin XCRemoteSwiftPackageReference section */
		6697C8D02F42B000006E4917 /* XCRemoteSwiftPackageReference "swift-package-manager-google-mobile-ads" */ = {
			isa = XCRemoteSwiftPackageReference;
			repositoryURL = "https://github.com/googleads/swift-package-manager-google-mobile-ads.git";
			requirement = {
				kind = upToNextMajorVersion;
				minimumVersion = 11.2.0;
			};
		};
/* End XCRemoteSwiftPackageReference section */

/* Begin XCSwiftPackageProductDependency section */
		6697C8D12F42B000006E4917 /* GoogleMobileAds */ = {
			isa = XCSwiftPackageProductDependency;
			package = 6697C8D02F42B000006E4917 /* XCRemoteSwiftPackageReference "swift-package-manager-google-mobile-ads" */;
			productName = GoogleMobileAds;
		};
/* End XCSwiftPackageProductDependency section */
	};
	rootObject = E73DD12524636FEF00D77039 /* Project object */;
}
